<?xml version="1.0" encoding="utf-8"?>
<Project ToolsVersion="Current" xmlns="http://schemas.microsoft.com/developer/msbuild/2003">
  <ItemGroup>
    <ClInclude Include="Image.h">
      <Filter>IPFlat\Headers</Filter>
    </ClInclude>
    <ClInclude Include="BMP.h">
      <Filter>IPFlat\Headers</Filter>
    </ClInclude>
    <ClInclude Include="Operators.h">
      <Filter>IPFlat\Headers</Filter>
    </ClInclude>
    <ClInclude Include="kernels.cuh">
      <Filter>CUDA\Headers</Filter>
    </ClInclude>
    <ClInclude Include="CUDAFunctions.cuh">
      <Filter>CUDA\Headers</Filter>
    </ClInclude>
    <ClInclude Include="Image.cuh">
      <Filter>IPFlat\Headers</Filter>
    </ClInclude>
    <ClInclude Include="MLP.h">
      <Filter>MLP\Headers</Filter>
    </ClInclude>
    <ClInclude Include="general.h">
      <Filter>CUDA\Headers</Filter>
    </ClInclude>
    <ClInclude Include="general.cuh">
      <Filter>CUDA\Headers</Filter>
    </ClInclude>
    <ClInclude Include="CVImage.h">
      <Filter>CVImage\Headers</Filter>
    </ClInclude>
    <ClInclude Include="convolution.h">
      <Filter>CVImage\Headers</Filter>
    </ClInclude>
    <ClInclude Include="matConv.h">
      <Filter>CVImage\Headers</Filter>
    </ClInclude>
  </ItemGroup>
  <ItemGroup>
    <ClCompile Include="BMP.cpp">
      <Filter>IPFlat\Source Files\src</Filter>
    </ClCompile>
    <ClCompile Include="Image.cpp">
      <Filter>IPFlat\Source Files\src</Filter>
    </ClCompile>
    <ClCompile Include="Main.cpp">
      <Filter>IPFlat\Source Files</Filter>
    </ClCompile>
    <ClCompile Include="general.cpp">
      <Filter>CUDA\Source Files\src</Filter>
    </ClCompile>
    <ClCompile Include="MLP.cpp">
      <Filter>MLP\Source Files</Filter>
    </ClCompile>
    <ClCompile Include="CVImage.cpp">
      <Filter>CVImage\Source Files\src</Filter>
    </ClCompile>
    <ClCompile Include="Convolution.cpp">
      <Filter>CVImage\Source Files\src</Filter>
    </ClCompile>
    <ClCompile Include="matConv.cpp">
      <Filter>CVImage\Source Files\src</Filter>
    </ClCompile>
  </ItemGroup>
  <ItemGroup>
    <Filter Include="IPFlat">
      <UniqueIdentifier>{4e7b272a-f211-496f-a3b5-9bf344126a56}</UniqueIdentifier>
    </Filter>
    <Filter Include="IPFlat\Source Files">
      <UniqueIdentifier>{5e925f93-beb4-449e-9174-28a8f681259b}</UniqueIdentifier>
    </Filter>
    <Filter Include="IPFlat\Source Files\src">
      <UniqueIdentifier>{1323fd45-7501-4913-8a62-784e50c28fcf}</UniqueIdentifier>
    </Filter>
    <Filter Include="IPFlat\Headers">
      <UniqueIdentifier>{1d34e8dd-e832-4c2a-98a1-01c554accb9b}</UniqueIdentifier>
    </Filter>
    <Filter Include="CUDA">
      <UniqueIdentifier>{75adc67f-8fb4-4d89-9477-13cf5962c583}</UniqueIdentifier>
    </Filter>
    <Filter Include="CUDA\Headers">
      <UniqueIdentifier>{cd820cd3-6f9b-4347-bd45-b50952ac138c}</UniqueIdentifier>
    </Filter>
    <Filter Include="CUDA\Source Files">
      <UniqueIdentifier>{a5ac9831-a714-41bd-9b53-0c080bbbe07f}</UniqueIdentifier>
    </Filter>
    <Filter Include="CUDA\Source Files\src">
      <UniqueIdentifier>{dcea4a91-550f-4dee-9db3-cba208c4fd08}</UniqueIdentifier>
    </Filter>
    <Filter Include="MLP">
      <UniqueIdentifier>{9ac60de2-2b44-444f-b50b-8d40e6ae7903}</UniqueIdentifier>
    </Filter>
    <Filter Include="MLP\Source Files">
      <UniqueIdentifier>{65618d93-c0df-408d-b378-7d7ee94d39b3}</UniqueIdentifier>
    </Filter>
    <Filter Include="MLP\Headers">
      <UniqueIdentifier>{24544882-c8b2-4485-8221-5a6ece55724e}</UniqueIdentifier>
    </Filter>
    <Filter Include="CVImage">
      <UniqueIdentifier>{d4b6c7ad-a4e1-4f7f-b4f0-8df7b3dc7140}</UniqueIdentifier>
    </Filter>
    <Filter Include="CVImage\Headers">
      <UniqueIdentifier>{15fbae67-07c2-4a28-8874-50c5f076b608}</UniqueIdentifier>
    </Filter>
    <Filter Include="CVImage\Source Files">
      <UniqueIdentifier>{9705d1cf-2293-4ae9-9f6c-f1107da89f8d}</UniqueIdentifier>
    </Filter>
    <Filter Include="CVImage\Source Files\src">
      <UniqueIdentifier>{5c25c06c-2f29-4c5d-828c-06b8a2ea7c87}</UniqueIdentifier>
    </Filter>
  </ItemGroup>
  <ItemGroup>
    <CudaCompile Include="test.cu">
      <Filter>IPFlat\Source Files</Filter>
    </CudaCompile>
    <CudaCompile Include="Main.cu">
      <Filter>CVImage\Source Files</Filter>
    </CudaCompile>
  </ItemGroup>
</Project>